
Microsoft Visual Studio Solution File, Format Version 12.00
# Visual Studio Version 16
VisualStudioVersion = 16.0.30804.86
MinimumVisualStudioVersion = 10.0.40219.1
Project("{9A19103F-16F7-4668-BE54-9A1E7A4F7556}") = "Country_Blazor", "Country_Blazor\Country_Blazor.csproj", "{60AEFFAA-0961-42D8-8F69-6A0186A46458}"
EndProject
Global
	GlobalSection(SolutionConfigurationPlatforms) = preSolution
		Debug|Any CPU = Debug|Any CPU
		Release|Any CPU = Release|Any CPU
	EndGlobalSection
	GlobalSection(ProjectConfigurationPlatforms) = postSolution
		{60AEFFAA-0961-42D8-8F69-6A0186A46458}.Debug|Any CPU.ActiveCfg = Debug|Any CPU
		{60AEFFAA-0961-42D8-8F69-6A0186A46458}.Debug|Any CPU.Build.0 = Debug|Any CPU
		{60AEFFAA-0961-42D8-8F69-6A0186A46458}.Release|Any CPU.ActiveCfg = Release|Any CPU
		{60AEFFAA-0961-42D8-8F69-6A0186A46458}.Release|Any CPU.Build.0 = Release|Any CPU
	EndGlobalSection
	GlobalSection(SolutionProperties) = preSolution
		HideSolutionNode = FALSE
	EndGlobalSection
	GlobalSection(ExtensibilityGlobals) = postSolution
		SolutionGuid = {98EEB1C0-5201-4FF8-96EE-2792705EE178}
	EndGlobalSection
EndGlobal
